// !$*UTF8*$!
{
	archiveVersion = 1;
	classes = {
	};
	objectVersion = 50;
	objects = {

/* Begin PBXBuildFile section */
		25995FFC241A0299008B52F1 /* main.cpp in Sources */ = {isa = PBXBuildFile; fileRef = 25995FFB241A0299008B52F1 /* main.cpp */; };
		259F10852433414E007917E5 /* BinaryTree.cpp in Sources */ = {isa = PBXBuildFile; fileRef = 259F10832433414E007917E5 /* BinaryTree.cpp */; };
		259F10EF2434A097007917E5 /* BinarySearchTree.cpp in Sources */ = {isa = PBXBuildFile; fileRef = 259F10ED2434A097007917E5 /* BinarySearchTree.cpp */; };
		259F10F22434A10D007917E5 /* AVLTree.cpp in Sources */ = {isa = PBXBuildFile; fileRef = 259F10F02434A10D007917E5 /* AVLTree.cpp */; };
		259F10F52434A175007917E5 /* RedBlackTree.cpp in Sources */ = {isa = PBXBuildFile; fileRef = 259F10F32434A175007917E5 /* RedBlackTree.cpp */; };
		8E8FBF71245BB55E00285B78 /* xio2d_cg_paths.cpp in Sources */ = {isa = PBXBuildFile; fileRef = 8E8FBF0B245BB55E00285B78 /* xio2d_cg_paths.cpp */; };
		8E8FBF72245BB55E00285B78 /* xio2d_cg_colors.cpp in Sources */ = {isa = PBXBuildFile; fileRef = 8E8FBF0E245BB55E00285B78 /* xio2d_cg_colors.cpp */; };
		8E8FBF73245BB55E00285B78 /* xio2d_cg_brushes.cpp in Sources */ = {isa = PBXBuildFile; fileRef = 8E8FBF12245BB55E00285B78 /* xio2d_cg_brushes.cpp */; };
		8E8FBF74245BB55E00285B78 /* xio2d_cg_tmplayer.cpp in Sources */ = {isa = PBXBuildFile; fileRef = 8E8FBF14245BB55E00285B78 /* xio2d_cg_tmplayer.cpp */; };
		8E8FBF75245BB55E00285B78 /* xio2d_cg_fps_counter.cpp in Sources */ = {isa = PBXBuildFile; fileRef = 8E8FBF17245BB55E00285B78 /* xio2d_cg_fps_counter.cpp */; };
		8E8FBF76245BB55E00285B78 /* xio2d_cg_output_surfaces.mm in Sources */ = {isa = PBXBuildFile; fileRef = 8E8FBF1B245BB55E00285B78 /* xio2d_cg_output_surfaces.mm */; };
		8E8FBF77245BB55E00285B78 /* xio2d_cg_output_surfaces.mm in Sources */ = {isa = PBXBuildFile; fileRef = 8E8FBF22245BB55E00285B78 /* xio2d_cg_output_surfaces.mm */; };
		8E8FBF78245BB55E00285B78 /* xio2d_cg_surfaces.cpp in Sources */ = {isa = PBXBuildFile; fileRef = 8E8FBF25245BB55E00285B78 /* xio2d_cg_surfaces.cpp */; };
		8E8FBF79245BB55E00285B78 /* xio2d_cg_display.cpp in Sources */ = {isa = PBXBuildFile; fileRef = 8E8FBF26245BB55E00285B78 /* xio2d_cg_display.cpp */; };
		8E8FBF7A245BB55E00285B78 /* xio2d_cg_texture.cpp in Sources */ = {isa = PBXBuildFile; fileRef = 8E8FBF27245BB55E00285B78 /* xio2d_cg_texture.cpp */; };
		8E8FBF7B245BB55E00285B78 /* xio2d_cg_paths_figures.cpp in Sources */ = {isa = PBXBuildFile; fileRef = 8E8FBF28245BB55E00285B78 /* xio2d_cg_paths_figures.cpp */; };
		8E8FBF7C245BB55E00285B78 /* xio2d_cg_gradient.cpp in Sources */ = {isa = PBXBuildFile; fileRef = 8E8FBF2C245BB55E00285B78 /* xio2d_cg_gradient.cpp */; };
		8E8FBF7D245BB55E00285B78 /* test_renderer_fill.cpp in Sources */ = {isa = PBXBuildFile; fileRef = 8E8FBF31245BB55E00285B78 /* test_renderer_fill.cpp */; };
		8E8FBF7E245BB55E00285B78 /* rgba_color.cpp in Sources */ = {isa = PBXBuildFile; fileRef = 8E8FBF32245BB55E00285B78 /* rgba_color.cpp */; };
		8E8FBF7F245BB55E00285B78 /* xinterchangebuffer.cpp in Sources */ = {isa = PBXBuildFile; fileRef = 8E8FBF35245BB55E00285B78 /* xinterchangebuffer.cpp */; };
		8E8FBF80245BB55E00285B78 /* cairo_renderer_xlib.cpp in Sources */ = {isa = PBXBuildFile; fileRef = 8E8FBF42245BB55E00285B78 /* cairo_renderer_xlib.cpp */; };
		8E8FBF81245BB55E00285B78 /* cairo_renderer_win32.cpp in Sources */ = {isa = PBXBuildFile; fileRef = 8E8FBF52245BB55E00285B78 /* cairo_renderer_win32.cpp */; };
		8E8FBF82245BB55E00285B78 /* cairo_renderer_sdl2.cpp in Sources */ = {isa = PBXBuildFile; fileRef = 8E8FBF5B245BB55E00285B78 /* cairo_renderer_sdl2.cpp */; };
		8E8FBF83245BB55E00285B78 /* cairo_renderer-graphicsmagickinit.cpp in Sources */ = {isa = PBXBuildFile; fileRef = 8E8FBF61245BB55E00285B78 /* cairo_renderer-graphicsmagickinit.cpp */; };
		8E97B367241D0ED300E80CCD /* AstarSearch.cpp in Sources */ = {isa = PBXBuildFile; fileRef = 8E97B365241D0ED300E80CCD /* AstarSearch.cpp */; };
/* End PBXBuildFile section */

/* Begin PBXCopyFilesBuildPhase section */
		25995FF6241A0299008B52F1 /* CopyFiles */ = {
			isa = PBXCopyFilesBuildPhase;
			buildActionMask = 2147483647;
			dstPath = /usr/share/man/man1/;
			dstSubfolderSpec = 0;
			files = (
			);
			runOnlyForDeploymentPostprocessing = 1;
		};
/* End PBXCopyFilesBuildPhase section */

/* Begin PBXFileReference section */
		25995FF8241A0299008B52F1 /* CommonClass-cpp */ = {isa = PBXFileReference; explicitFileType = "compiled.mach-o.executable"; includeInIndex = 0; path = "CommonClass-cpp"; sourceTree = BUILT_PRODUCTS_DIR; };
		25995FFB241A0299008B52F1 /* main.cpp */ = {isa = PBXFileReference; lastKnownFileType = sourcecode.cpp.cpp; path = main.cpp; sourceTree = "<group>"; };
		259F10832433414E007917E5 /* BinaryTree.cpp */ = {isa = PBXFileReference; lastKnownFileType = sourcecode.cpp.cpp; path = BinaryTree.cpp; sourceTree = "<group>"; };
		259F10842433414E007917E5 /* BinaryTree.hpp */ = {isa = PBXFileReference; lastKnownFileType = sourcecode.cpp.h; path = BinaryTree.hpp; sourceTree = "<group>"; };
		259F10ED2434A097007917E5 /* BinarySearchTree.cpp */ = {isa = PBXFileReference; lastKnownFileType = sourcecode.cpp.cpp; path = BinarySearchTree.cpp; sourceTree = "<group>"; };
		259F10EE2434A097007917E5 /* BinarySearchTree.hpp */ = {isa = PBXFileReference; lastKnownFileType = sourcecode.cpp.h; path = BinarySearchTree.hpp; sourceTree = "<group>"; };
		259F10F02434A10D007917E5 /* AVLTree.cpp */ = {isa = PBXFileReference; lastKnownFileType = sourcecode.cpp.cpp; path = AVLTree.cpp; sourceTree = "<group>"; };
		259F10F12434A10D007917E5 /* AVLTree.hpp */ = {isa = PBXFileReference; lastKnownFileType = sourcecode.cpp.h; path = AVLTree.hpp; sourceTree = "<group>"; };
		259F10F32434A175007917E5 /* RedBlackTree.cpp */ = {isa = PBXFileReference; lastKnownFileType = sourcecode.cpp.cpp; path = RedBlackTree.cpp; sourceTree = "<group>"; };
		259F10F42434A175007917E5 /* RedBlackTree.hpp */ = {isa = PBXFileReference; lastKnownFileType = sourcecode.cpp.h; path = RedBlackTree.hpp; sourceTree = "<group>"; };
		8E8FBF05245BB55E00285B78 /* xsurfaces.h */ = {isa = PBXFileReference; fileEncoding = 4; lastKnownFileType = sourcecode.c.h; path = xsurfaces.h; sourceTree = "<group>"; };
		8E8FBF06245BB55E00285B78 /* xdiagnostics.h */ = {isa = PBXFileReference; fileEncoding = 4; lastKnownFileType = sourcecode.c.h; path = xdiagnostics.h; sourceTree = "<group>"; };
		8E8FBF07245BB55E00285B78 /* xpath_impl.h */ = {isa = PBXFileReference; fileEncoding = 4; lastKnownFileType = sourcecode.c.h; path = xpath_impl.h; sourceTree = "<group>"; };
		8E8FBF08245BB55E00285B78 /* xsurfaces_impl.h */ = {isa = PBXFileReference; fileEncoding = 4; lastKnownFileType = sourcecode.c.h; path = xsurfaces_impl.h; sourceTree = "<group>"; };
		8E8FBF09245BB55E00285B78 /* CMakeLists.txt */ = {isa = PBXFileReference; fileEncoding = 4; lastKnownFileType = text; path = CMakeLists.txt; sourceTree = "<group>"; };
		8E8FBF0B245BB55E00285B78 /* xio2d_cg_paths.cpp */ = {isa = PBXFileReference; fileEncoding = 4; lastKnownFileType = sourcecode.cpp.cpp; path = xio2d_cg_paths.cpp; sourceTree = "<group>"; };
		8E8FBF0C245BB55E00285B78 /* xio2d_cg_texture.h */ = {isa = PBXFileReference; fileEncoding = 4; lastKnownFileType = sourcecode.c.h; path = xio2d_cg_texture.h; sourceTree = "<group>"; };
		8E8FBF0D245BB55E00285B78 /* xio2d_cg_fps_counter.h */ = {isa = PBXFileReference; fileEncoding = 4; lastKnownFileType = sourcecode.c.h; path = xio2d_cg_fps_counter.h; sourceTree = "<group>"; };
		8E8FBF0E245BB55E00285B78 /* xio2d_cg_colors.cpp */ = {isa = PBXFileReference; fileEncoding = 4; lastKnownFileType = sourcecode.cpp.cpp; path = xio2d_cg_colors.cpp; sourceTree = "<group>"; };
		8E8FBF0F245BB55E00285B78 /* CMakeLists.txt */ = {isa = PBXFileReference; fileEncoding = 4; lastKnownFileType = text; path = CMakeLists.txt; sourceTree = "<group>"; };
		8E8FBF10245BB55E00285B78 /* xio2d_cg_tmplayer.h */ = {isa = PBXFileReference; fileEncoding = 4; lastKnownFileType = sourcecode.c.h; path = xio2d_cg_tmplayer.h; sourceTree = "<group>"; };
		8E8FBF11245BB55E00285B78 /* xio2d_cg_paths_figures.h */ = {isa = PBXFileReference; fileEncoding = 4; lastKnownFileType = sourcecode.c.h; path = xio2d_cg_paths_figures.h; sourceTree = "<group>"; };
		8E8FBF12245BB55E00285B78 /* xio2d_cg_brushes.cpp */ = {isa = PBXFileReference; fileEncoding = 4; lastKnownFileType = sourcecode.cpp.cpp; path = xio2d_cg_brushes.cpp; sourceTree = "<group>"; };
		8E8FBF13245BB55E00285B78 /* xio2d_cg_surfaces.h */ = {isa = PBXFileReference; fileEncoding = 4; lastKnownFileType = sourcecode.c.h; path = xio2d_cg_surfaces.h; sourceTree = "<group>"; };
		8E8FBF14245BB55E00285B78 /* xio2d_cg_tmplayer.cpp */ = {isa = PBXFileReference; fileEncoding = 4; lastKnownFileType = sourcecode.cpp.cpp; path = xio2d_cg_tmplayer.cpp; sourceTree = "<group>"; };
		8E8FBF15245BB55E00285B78 /* xio2d_cg_main.h */ = {isa = PBXFileReference; fileEncoding = 4; lastKnownFileType = sourcecode.c.h; path = xio2d_cg_main.h; sourceTree = "<group>"; };
		8E8FBF16245BB55E00285B78 /* xio2d_cg_display.h */ = {isa = PBXFileReference; fileEncoding = 4; lastKnownFileType = sourcecode.c.h; path = xio2d_cg_display.h; sourceTree = "<group>"; };
		8E8FBF17245BB55E00285B78 /* xio2d_cg_fps_counter.cpp */ = {isa = PBXFileReference; fileEncoding = 4; lastKnownFileType = sourcecode.cpp.cpp; path = xio2d_cg_fps_counter.cpp; sourceTree = "<group>"; };
		8E8FBF18245BB55E00285B78 /* xio2d_cg_colors.h */ = {isa = PBXFileReference; fileEncoding = 4; lastKnownFileType = sourcecode.c.h; path = xio2d_cg_colors.h; sourceTree = "<group>"; };
		8E8FBF1A245BB55E00285B78 /* CMakeLists.txt */ = {isa = PBXFileReference; fileEncoding = 4; lastKnownFileType = text; path = CMakeLists.txt; sourceTree = "<group>"; };
		8E8FBF1B245BB55E00285B78 /* xio2d_cg_output_surfaces.mm */ = {isa = PBXFileReference; fileEncoding = 4; lastKnownFileType = sourcecode.cpp.objcpp; path = xio2d_cg_output_surfaces.mm; sourceTree = "<group>"; };
		8E8FBF1C245BB55E00285B78 /* io2d_coregraphics_ios.h */ = {isa = PBXFileReference; fileEncoding = 4; lastKnownFileType = sourcecode.c.h; path = io2d_coregraphics_ios.h; sourceTree = "<group>"; };
		8E8FBF1D245BB55E00285B78 /* xio2d_cg_output_surfaces.h */ = {isa = PBXFileReference; fileEncoding = 4; lastKnownFileType = sourcecode.c.h; path = xio2d_cg_output_surfaces.h; sourceTree = "<group>"; };
		8E8FBF1E245BB55E00285B78 /* io2d.h */ = {isa = PBXFileReference; fileEncoding = 4; lastKnownFileType = sourcecode.c.h; path = io2d.h; sourceTree = "<group>"; };
		8E8FBF20245BB55E00285B78 /* io2d_coregraphics_mac.h */ = {isa = PBXFileReference; fileEncoding = 4; lastKnownFileType = sourcecode.c.h; path = io2d_coregraphics_mac.h; sourceTree = "<group>"; };
		8E8FBF21245BB55E00285B78 /* CMakeLists.txt */ = {isa = PBXFileReference; fileEncoding = 4; lastKnownFileType = text; path = CMakeLists.txt; sourceTree = "<group>"; };
		8E8FBF22245BB55E00285B78 /* xio2d_cg_output_surfaces.mm */ = {isa = PBXFileReference; fileEncoding = 4; lastKnownFileType = sourcecode.cpp.objcpp; path = xio2d_cg_output_surfaces.mm; sourceTree = "<group>"; };
		8E8FBF23245BB55E00285B78 /* xio2d_cg_output_surfaces.h */ = {isa = PBXFileReference; fileEncoding = 4; lastKnownFileType = sourcecode.c.h; path = xio2d_cg_output_surfaces.h; sourceTree = "<group>"; };
		8E8FBF24245BB55E00285B78 /* io2d.h */ = {isa = PBXFileReference; fileEncoding = 4; lastKnownFileType = sourcecode.c.h; path = io2d.h; sourceTree = "<group>"; };
		8E8FBF25245BB55E00285B78 /* xio2d_cg_surfaces.cpp */ = {isa = PBXFileReference; fileEncoding = 4; lastKnownFileType = sourcecode.cpp.cpp; path = xio2d_cg_surfaces.cpp; sourceTree = "<group>"; };
		8E8FBF26245BB55E00285B78 /* xio2d_cg_display.cpp */ = {isa = PBXFileReference; fileEncoding = 4; lastKnownFileType = sourcecode.cpp.cpp; path = xio2d_cg_display.cpp; sourceTree = "<group>"; };
		8E8FBF27245BB55E00285B78 /* xio2d_cg_texture.cpp */ = {isa = PBXFileReference; fileEncoding = 4; lastKnownFileType = sourcecode.cpp.cpp; path = xio2d_cg_texture.cpp; sourceTree = "<group>"; };
		8E8FBF28245BB55E00285B78 /* xio2d_cg_paths_figures.cpp */ = {isa = PBXFileReference; fileEncoding = 4; lastKnownFileType = sourcecode.cpp.cpp; path = xio2d_cg_paths_figures.cpp; sourceTree = "<group>"; };
		8E8FBF29245BB55E00285B78 /* xio2d_cg_paths.h */ = {isa = PBXFileReference; fileEncoding = 4; lastKnownFileType = sourcecode.c.h; path = xio2d_cg_paths.h; sourceTree = "<group>"; };
		8E8FBF2A245BB55E00285B78 /* xio2d_cg_brushes.h */ = {isa = PBXFileReference; fileEncoding = 4; lastKnownFileType = sourcecode.c.h; path = xio2d_cg_brushes.h; sourceTree = "<group>"; };
		8E8FBF2B245BB55E00285B78 /* xio2d_cg_gradient.h */ = {isa = PBXFileReference; fileEncoding = 4; lastKnownFileType = sourcecode.c.h; path = xio2d_cg_gradient.h; sourceTree = "<group>"; };
		8E8FBF2C245BB55E00285B78 /* xio2d_cg_gradient.cpp */ = {isa = PBXFileReference; fileEncoding = 4; lastKnownFileType = sourcecode.cpp.cpp; path = xio2d_cg_gradient.cpp; sourceTree = "<group>"; };
		8E8FBF2D245BB55E00285B78 /* xio2d_cg_interop.h */ = {isa = PBXFileReference; fileEncoding = 4; lastKnownFileType = sourcecode.c.h; path = xio2d_cg_interop.h; sourceTree = "<group>"; };
		8E8FBF2E245BB55E00285B78 /* xio2d_cg_surface_state_props.h */ = {isa = PBXFileReference; fileEncoding = 4; lastKnownFileType = sourcecode.c.h; path = xio2d_cg_surface_state_props.h; sourceTree = "<group>"; };
		8E8FBF2F245BB55E00285B78 /* xcolor.h */ = {isa = PBXFileReference; fileEncoding = 4; lastKnownFileType = sourcecode.c.h; path = xcolor.h; sourceTree = "<group>"; };
		8E8FBF30245BB55E00285B78 /* test_process.h */ = {isa = PBXFileReference; fileEncoding = 4; lastKnownFileType = sourcecode.c.h; path = test_process.h; sourceTree = "<group>"; };
		8E8FBF31245BB55E00285B78 /* test_renderer_fill.cpp */ = {isa = PBXFileReference; fileEncoding = 4; lastKnownFileType = sourcecode.cpp.cpp; path = test_renderer_fill.cpp; sourceTree = "<group>"; };
		8E8FBF32245BB55E00285B78 /* rgba_color.cpp */ = {isa = PBXFileReference; fileEncoding = 4; lastKnownFileType = sourcecode.cpp.cpp; path = rgba_color.cpp; sourceTree = "<group>"; };
		8E8FBF33245BB55E00285B78 /* xinput.h */ = {isa = PBXFileReference; fileEncoding = 4; lastKnownFileType = sourcecode.c.h; path = xinput.h; sourceTree = "<group>"; };
		8E8FBF34245BB55E00285B78 /* xio2d.h */ = {isa = PBXFileReference; fileEncoding = 4; lastKnownFileType = sourcecode.c.h; path = xio2d.h; sourceTree = "<group>"; };
		8E8FBF35245BB55E00285B78 /* xinterchangebuffer.cpp */ = {isa = PBXFileReference; fileEncoding = 4; lastKnownFileType = sourcecode.cpp.cpp; path = xinterchangebuffer.cpp; sourceTree = "<group>"; };
		8E8FBF36245BB55E00285B78 /* xinterchangebuffer.h */ = {isa = PBXFileReference; fileEncoding = 4; lastKnownFileType = sourcecode.c.h; path = xinterchangebuffer.h; sourceTree = "<group>"; };
		8E8FBF38245BB55E00285B78 /* xcairo.h */ = {isa = PBXFileReference; fileEncoding = 4; lastKnownFileType = sourcecode.c.h; path = xcairo.h; sourceTree = "<group>"; };
		8E8FBF39245BB55E00285B78 /* xcairo_helpers.h */ = {isa = PBXFileReference; fileEncoding = 4; lastKnownFileType = sourcecode.c.h; path = xcairo_helpers.h; sourceTree = "<group>"; };
		8E8FBF3A245BB55E00285B78 /* CMakeLists.txt */ = {isa = PBXFileReference; fileEncoding = 4; lastKnownFileType = text; path = CMakeLists.txt; sourceTree = "<group>"; };
		8E8FBF3B245BB55E00285B78 /* xcairo_paths_impl.h */ = {isa = PBXFileReference; fileEncoding = 4; lastKnownFileType = sourcecode.c.h; path = xcairo_paths_impl.h; sourceTree = "<group>"; };
		8E8FBF3C245BB55E00285B78 /* xio2d_cairo_main.h */ = {isa = PBXFileReference; fileEncoding = 4; lastKnownFileType = sourcecode.c.h; path = xio2d_cairo_main.h; sourceTree = "<group>"; };
		8E8FBF3D245BB55E00285B78 /* xcairo_surfaces_image_impl.h */ = {isa = PBXFileReference; fileEncoding = 4; lastKnownFileType = sourcecode.c.h; path = xcairo_surfaces_image_impl.h; sourceTree = "<group>"; };
		8E8FBF3E245BB55E00285B78 /* xcairo_surfaces_impl.h */ = {isa = PBXFileReference; fileEncoding = 4; lastKnownFileType = sourcecode.c.h; path = xcairo_surfaces_impl.h; sourceTree = "<group>"; };
		8E8FBF40245BB55E00285B78 /* CMakeLists.txt */ = {isa = PBXFileReference; fileEncoding = 4; lastKnownFileType = text; path = CMakeLists.txt; sourceTree = "<group>"; };
		8E8FBF41245BB55E00285B78 /* io2d_cairo_xlib.h */ = {isa = PBXFileReference; fileEncoding = 4; lastKnownFileType = sourcecode.c.h; path = io2d_cairo_xlib.h; sourceTree = "<group>"; };
		8E8FBF42245BB55E00285B78 /* cairo_renderer_xlib.cpp */ = {isa = PBXFileReference; fileEncoding = 4; lastKnownFileType = sourcecode.cpp.cpp; path = cairo_renderer_xlib.cpp; sourceTree = "<group>"; };
		8E8FBF43245BB55E00285B78 /* xio2d_cairo_xlib_output_surfaces.h */ = {isa = PBXFileReference; fileEncoding = 4; lastKnownFileType = sourcecode.c.h; path = xio2d_cairo_xlib_output_surfaces.h; sourceTree = "<group>"; };
		8E8FBF44245BB55E00285B78 /* xio2d_cairo_xlib_unmanaged_output_surfaces.h */ = {isa = PBXFileReference; fileEncoding = 4; lastKnownFileType = sourcecode.c.h; path = xio2d_cairo_xlib_unmanaged_output_surfaces.h; sourceTree = "<group>"; };
		8E8FBF45245BB55E00285B78 /* xio2d_cairo_xlib_main.h */ = {isa = PBXFileReference; fileEncoding = 4; lastKnownFileType = sourcecode.c.h; path = xio2d_cairo_xlib_main.h; sourceTree = "<group>"; };
		8E8FBF46245BB55E00285B78 /* xio2d_cairo_xlib_surfaces_impl.h */ = {isa = PBXFileReference; fileEncoding = 4; lastKnownFileType = sourcecode.c.h; path = xio2d_cairo_xlib_surfaces_impl.h; sourceTree = "<group>"; };
		8E8FBF47245BB55E00285B78 /* xio2d_cairo_xlib_surfaces.h */ = {isa = PBXFileReference; fileEncoding = 4; lastKnownFileType = sourcecode.c.h; path = xio2d_cairo_xlib_surfaces.h; sourceTree = "<group>"; };
		8E8FBF48245BB55E00285B78 /* io2d.h */ = {isa = PBXFileReference; fileEncoding = 4; lastKnownFileType = sourcecode.c.h; path = io2d.h; sourceTree = "<group>"; };
		8E8FBF49245BB55E00285B78 /* xcairo_brushes_impl.h */ = {isa = PBXFileReference; fileEncoding = 4; lastKnownFileType = sourcecode.c.h; path = xcairo_brushes_impl.h; sourceTree = "<group>"; };
		8E8FBF4A245BB55E00285B78 /* xcairo_surface_state_props_impl.h */ = {isa = PBXFileReference; fileEncoding = 4; lastKnownFileType = sourcecode.c.h; path = xcairo_surface_state_props_impl.h; sourceTree = "<group>"; };
		8E8FBF4C245BB55E00285B78 /* xio2d_cairo_win32_unmanaged_output_surface.h */ = {isa = PBXFileReference; fileEncoding = 4; lastKnownFileType = sourcecode.c.h; path = xio2d_cairo_win32_unmanaged_output_surface.h; sourceTree = "<group>"; };
		8E8FBF4D245BB55E00285B78 /* xio2d_cairo_win32_main.h */ = {isa = PBXFileReference; fileEncoding = 4; lastKnownFileType = sourcecode.c.h; path = xio2d_cairo_win32_main.h; sourceTree = "<group>"; };
		8E8FBF4E245BB55E00285B78 /* CMakeLists.txt */ = {isa = PBXFileReference; fileEncoding = 4; lastKnownFileType = text; path = CMakeLists.txt; sourceTree = "<group>"; };
		8E8FBF4F245BB55E00285B78 /* xio2d_cairo_win32_surfaces.h */ = {isa = PBXFileReference; fileEncoding = 4; lastKnownFileType = sourcecode.c.h; path = xio2d_cairo_win32_surfaces.h; sourceTree = "<group>"; };
		8E8FBF50245BB55E00285B78 /* xio2d_cairo_win32_surfaces_impl.h */ = {isa = PBXFileReference; fileEncoding = 4; lastKnownFileType = sourcecode.c.h; path = xio2d_cairo_win32_surfaces_impl.h; sourceTree = "<group>"; };
		8E8FBF51245BB55E00285B78 /* xio2d_cairo_win32_error.h */ = {isa = PBXFileReference; fileEncoding = 4; lastKnownFileType = sourcecode.c.h; path = xio2d_cairo_win32_error.h; sourceTree = "<group>"; };
		8E8FBF52245BB55E00285B78 /* cairo_renderer_win32.cpp */ = {isa = PBXFileReference; fileEncoding = 4; lastKnownFileType = sourcecode.cpp.cpp; path = cairo_renderer_win32.cpp; sourceTree = "<group>"; };
		8E8FBF53245BB55E00285B78 /* io2d_cairo_win32.h */ = {isa = PBXFileReference; fileEncoding = 4; lastKnownFileType = sourcecode.c.h; path = io2d_cairo_win32.h; sourceTree = "<group>"; };
		8E8FBF54245BB55E00285B78 /* xio2d_cairo_win32_output_surface.h */ = {isa = PBXFileReference; fileEncoding = 4; lastKnownFileType = sourcecode.c.h; path = xio2d_cairo_win32_output_surface.h; sourceTree = "<group>"; };
		8E8FBF55245BB55E00285B78 /* io2d.h */ = {isa = PBXFileReference; fileEncoding = 4; lastKnownFileType = sourcecode.c.h; path = io2d.h; sourceTree = "<group>"; };
		8E8FBF57245BB55E00285B78 /* CMakeLists.txt */ = {isa = PBXFileReference; fileEncoding = 4; lastKnownFileType = text; path = CMakeLists.txt; sourceTree = "<group>"; };
		8E8FBF58245BB55E00285B78 /* xio2d_cairo_sdl2_surfaces.h */ = {isa = PBXFileReference; fileEncoding = 4; lastKnownFileType = sourcecode.c.h; path = xio2d_cairo_sdl2_surfaces.h; sourceTree = "<group>"; };
		8E8FBF59245BB55E00285B78 /* xio2d_cairo_sdl2_error.h */ = {isa = PBXFileReference; fileEncoding = 4; lastKnownFileType = sourcecode.c.h; path = xio2d_cairo_sdl2_error.h; sourceTree = "<group>"; };
		8E8FBF5A245BB55E00285B78 /* io2d_cairo_sdl2.h */ = {isa = PBXFileReference; fileEncoding = 4; lastKnownFileType = sourcecode.c.h; path = io2d_cairo_sdl2.h; sourceTree = "<group>"; };
		8E8FBF5B245BB55E00285B78 /* cairo_renderer_sdl2.cpp */ = {isa = PBXFileReference; fileEncoding = 4; lastKnownFileType = sourcecode.cpp.cpp; path = cairo_renderer_sdl2.cpp; sourceTree = "<group>"; };
		8E8FBF5C245BB55E00285B78 /* xio2d_cairo_sdl2_output_surfaces.h */ = {isa = PBXFileReference; fileEncoding = 4; lastKnownFileType = sourcecode.c.h; path = xio2d_cairo_sdl2_output_surfaces.h; sourceTree = "<group>"; };
		8E8FBF5D245BB55E00285B78 /* xio2d_cairo_sdl2_surfaces_impl.h */ = {isa = PBXFileReference; fileEncoding = 4; lastKnownFileType = sourcecode.c.h; path = xio2d_cairo_sdl2_surfaces_impl.h; sourceTree = "<group>"; };
		8E8FBF5E245BB55E00285B78 /* xio2d_cairo_sdl2_unmanaged_output_surfaces.h */ = {isa = PBXFileReference; fileEncoding = 4; lastKnownFileType = sourcecode.c.h; path = xio2d_cairo_sdl2_unmanaged_output_surfaces.h; sourceTree = "<group>"; };
		8E8FBF5F245BB55E00285B78 /* xio2d_cairo_sdl2_main.h */ = {isa = PBXFileReference; fileEncoding = 4; lastKnownFileType = sourcecode.c.h; path = xio2d_cairo_sdl2_main.h; sourceTree = "<group>"; };
		8E8FBF60245BB55E00285B78 /* io2d.h */ = {isa = PBXFileReference; fileEncoding = 4; lastKnownFileType = sourcecode.c.h; path = io2d.h; sourceTree = "<group>"; };
		8E8FBF61245BB55E00285B78 /* cairo_renderer-graphicsmagickinit.cpp */ = {isa = PBXFileReference; fileEncoding = 4; lastKnownFileType = sourcecode.cpp.cpp; path = "cairo_renderer-graphicsmagickinit.cpp"; sourceTree = "<group>"; };
		8E8FBF62245BB55E00285B78 /* test_renderer.h */ = {isa = PBXFileReference; fileEncoding = 4; lastKnownFileType = sourcecode.c.h; path = test_renderer.h; sourceTree = "<group>"; };
		8E8FBF63245BB55E00285B78 /* xgraphicsmath_impl.h */ = {isa = PBXFileReference; fileEncoding = 4; lastKnownFileType = sourcecode.c.h; path = xgraphicsmath_impl.h; sourceTree = "<group>"; };
		8E8FBF64245BB55E00285B78 /* xtext.h */ = {isa = PBXFileReference; fileEncoding = 4; lastKnownFileType = sourcecode.c.h; path = xtext.h; sourceTree = "<group>"; };
		8E8FBF65245BB55E00285B78 /* xpathbuilder_impl.h */ = {isa = PBXFileReference; fileEncoding = 4; lastKnownFileType = sourcecode.c.h; path = xpathbuilder_impl.h; sourceTree = "<group>"; };
		8E8FBF66245BB55E00285B78 /* xbrushes_impl.h */ = {isa = PBXFileReference; fileEncoding = 4; lastKnownFileType = sourcecode.c.h; path = xbrushes_impl.h; sourceTree = "<group>"; };
		8E8FBF67245BB55E00285B78 /* .gitignore */ = {isa = PBXFileReference; fileEncoding = 4; lastKnownFileType = text; path = .gitignore; sourceTree = "<group>"; };
		8E8FBF68245BB55E00285B78 /* xpath.h */ = {isa = PBXFileReference; fileEncoding = 4; lastKnownFileType = sourcecode.c.h; path = xpath.h; sourceTree = "<group>"; };
		8E8FBF69245BB55E00285B78 /* xbrushes.h */ = {isa = PBXFileReference; fileEncoding = 4; lastKnownFileType = sourcecode.c.h; path = xbrushes.h; sourceTree = "<group>"; };
		8E8FBF6A245BB55E00285B78 /* xsurfacesprops_impl.h */ = {isa = PBXFileReference; fileEncoding = 4; lastKnownFileType = sourcecode.c.h; path = xsurfacesprops_impl.h; sourceTree = "<group>"; };
		8E8FBF6B245BB55E00285B78 /* xgraphicsmathfloat.h */ = {isa = PBXFileReference; fileEncoding = 4; lastKnownFileType = sourcecode.c.h; path = xgraphicsmathfloat.h; sourceTree = "<group>"; };
		8E8FBF6C245BB55E00285B78 /* xsurfaces_enums.h */ = {isa = PBXFileReference; fileEncoding = 4; lastKnownFileType = sourcecode.c.h; path = xsurfaces_enums.h; sourceTree = "<group>"; };
		8E8FBF6D245BB55E00285B78 /* xio2d_impl.h */ = {isa = PBXFileReference; fileEncoding = 4; lastKnownFileType = sourcecode.c.h; path = xio2d_impl.h; sourceTree = "<group>"; };
		8E8FBF6E245BB55E00285B78 /* xgraphicsmath.h */ = {isa = PBXFileReference; fileEncoding = 4; lastKnownFileType = sourcecode.c.h; path = xgraphicsmath.h; sourceTree = "<group>"; };
		8E8FBF6F245BB55E00285B78 /* xsystemheaders.h */ = {isa = PBXFileReference; fileEncoding = 4; lastKnownFileType = sourcecode.c.h; path = xsystemheaders.h; sourceTree = "<group>"; };
		8E8FBF70245BB55E00285B78 /* xgraphicsmathfloat_impl.h */ = {isa = PBXFileReference; fileEncoding = 4; lastKnownFileType = sourcecode.c.h; path = xgraphicsmathfloat_impl.h; sourceTree = "<group>"; };
		8E97B365241D0ED300E80CCD /* AstarSearch.cpp */ = {isa = PBXFileReference; lastKnownFileType = sourcecode.cpp.cpp; path = AstarSearch.cpp; sourceTree = "<group>"; };
		8E97B366241D0ED300E80CCD /* AstarSearch.hpp */ = {isa = PBXFileReference; lastKnownFileType = sourcecode.cpp.h; path = AstarSearch.hpp; sourceTree = "<group>"; };
		8E97B368241D190200E80CCD /* 1.board */ = {isa = PBXFileReference; fileEncoding = 4; lastKnownFileType = text; path = 1.board; sourceTree = "<group>"; };
/* End PBXFileReference section */

/* Begin PBXFrameworksBuildPhase section */
		25995FF5241A0299008B52F1 /* Frameworks */ = {
			isa = PBXFrameworksBuildPhase;
			buildActionMask = 2147483647;
			files = (
			);
			runOnlyForDeploymentPostprocessing = 0;
		};
/* End PBXFrameworksBuildPhase section */

/* Begin PBXGroup section */
		25995FEF241A0299008B52F1 = {
			isa = PBXGroup;
			children = (
				25995FFA241A0299008B52F1 /* CommonClass-cpp */,
				25995FF9241A0299008B52F1 /* Products */,
			);
			sourceTree = "<group>";
		};
		25995FF9241A0299008B52F1 /* Products */ = {
			isa = PBXGroup;
			children = (
				25995FF8241A0299008B52F1 /* CommonClass-cpp */,
			);
			name = Products;
			sourceTree = "<group>";
		};
		25995FFA241A0299008B52F1 /* CommonClass-cpp */ = {
			isa = PBXGroup;
			children = (
				8E8FBF04245BB55E00285B78 /* P0267_RefImpl */,
				25995FFB241A0299008B52F1 /* main.cpp */,
				8E97B365241D0ED300E80CCD /* AstarSearch.cpp */,
				8E97B366241D0ED300E80CCD /* AstarSearch.hpp */,
				8E97B368241D190200E80CCD /* 1.board */,
				259F10832433414E007917E5 /* BinaryTree.cpp */,
				259F10842433414E007917E5 /* BinaryTree.hpp */,
				259F10ED2434A097007917E5 /* BinarySearchTree.cpp */,
				259F10EE2434A097007917E5 /* BinarySearchTree.hpp */,
				259F10F02434A10D007917E5 /* AVLTree.cpp */,
				259F10F12434A10D007917E5 /* AVLTree.hpp */,
				259F10F32434A175007917E5 /* RedBlackTree.cpp */,
				259F10F42434A175007917E5 /* RedBlackTree.hpp */,
			);
			path = "CommonClass-cpp";
			sourceTree = "<group>";
		};
		8E8FBF04245BB55E00285B78 /* P0267_RefImpl */ = {
			isa = PBXGroup;
			children = (
				8E8FBF05245BB55E00285B78 /* xsurfaces.h */,
				8E8FBF06245BB55E00285B78 /* xdiagnostics.h */,
				8E8FBF07245BB55E00285B78 /* xpath_impl.h */,
				8E8FBF08245BB55E00285B78 /* xsurfaces_impl.h */,
				8E8FBF09245BB55E00285B78 /* CMakeLists.txt */,
				8E8FBF0A245BB55E00285B78 /* coregraphics */,
				8E8FBF2F245BB55E00285B78 /* xcolor.h */,
				8E8FBF30245BB55E00285B78 /* test_process.h */,
				8E8FBF31245BB55E00285B78 /* test_renderer_fill.cpp */,
				8E8FBF32245BB55E00285B78 /* rgba_color.cpp */,
				8E8FBF33245BB55E00285B78 /* xinput.h */,
				8E8FBF34245BB55E00285B78 /* xio2d.h */,
				8E8FBF35245BB55E00285B78 /* xinterchangebuffer.cpp */,
				8E8FBF36245BB55E00285B78 /* xinterchangebuffer.h */,
				8E8FBF37245BB55E00285B78 /* cairo */,
				8E8FBF62245BB55E00285B78 /* test_renderer.h */,
				8E8FBF63245BB55E00285B78 /* xgraphicsmath_impl.h */,
				8E8FBF64245BB55E00285B78 /* xtext.h */,
				8E8FBF65245BB55E00285B78 /* xpathbuilder_impl.h */,
				8E8FBF66245BB55E00285B78 /* xbrushes_impl.h */,
				8E8FBF67245BB55E00285B78 /* .gitignore */,
				8E8FBF68245BB55E00285B78 /* xpath.h */,
				8E8FBF69245BB55E00285B78 /* xbrushes.h */,
				8E8FBF6A245BB55E00285B78 /* xsurfacesprops_impl.h */,
				8E8FBF6B245BB55E00285B78 /* xgraphicsmathfloat.h */,
				8E8FBF6C245BB55E00285B78 /* xsurfaces_enums.h */,
				8E8FBF6D245BB55E00285B78 /* xio2d_impl.h */,
				8E8FBF6E245BB55E00285B78 /* xgraphicsmath.h */,
				8E8FBF6F245BB55E00285B78 /* xsystemheaders.h */,
				8E8FBF70245BB55E00285B78 /* xgraphicsmathfloat_impl.h */,
			);
			path = P0267_RefImpl;
			sourceTree = "<group>";
		};
		8E8FBF0A245BB55E00285B78 /* coregraphics */ = {
			isa = PBXGroup;
			children = (
				8E8FBF0B245BB55E00285B78 /* xio2d_cg_paths.cpp */,
				8E8FBF0C245BB55E00285B78 /* xio2d_cg_texture.h */,
				8E8FBF0D245BB55E00285B78 /* xio2d_cg_fps_counter.h */,
				8E8FBF0E245BB55E00285B78 /* xio2d_cg_colors.cpp */,
				8E8FBF0F245BB55E00285B78 /* CMakeLists.txt */,
				8E8FBF10245BB55E00285B78 /* xio2d_cg_tmplayer.h */,
				8E8FBF11245BB55E00285B78 /* xio2d_cg_paths_figures.h */,
				8E8FBF12245BB55E00285B78 /* xio2d_cg_brushes.cpp */,
				8E8FBF13245BB55E00285B78 /* xio2d_cg_surfaces.h */,
				8E8FBF14245BB55E00285B78 /* xio2d_cg_tmplayer.cpp */,
				8E8FBF15245BB55E00285B78 /* xio2d_cg_main.h */,
				8E8FBF16245BB55E00285B78 /* xio2d_cg_display.h */,
				8E8FBF17245BB55E00285B78 /* xio2d_cg_fps_counter.cpp */,
				8E8FBF18245BB55E00285B78 /* xio2d_cg_colors.h */,
				8E8FBF19245BB55E00285B78 /* ios */,
				8E8FBF1F245BB55E00285B78 /* mac */,
				8E8FBF25245BB55E00285B78 /* xio2d_cg_surfaces.cpp */,
				8E8FBF26245BB55E00285B78 /* xio2d_cg_display.cpp */,
				8E8FBF27245BB55E00285B78 /* xio2d_cg_texture.cpp */,
				8E8FBF28245BB55E00285B78 /* xio2d_cg_paths_figures.cpp */,
				8E8FBF29245BB55E00285B78 /* xio2d_cg_paths.h */,
				8E8FBF2A245BB55E00285B78 /* xio2d_cg_brushes.h */,
				8E8FBF2B245BB55E00285B78 /* xio2d_cg_gradient.h */,
				8E8FBF2C245BB55E00285B78 /* xio2d_cg_gradient.cpp */,
				8E8FBF2D245BB55E00285B78 /* xio2d_cg_interop.h */,
				8E8FBF2E245BB55E00285B78 /* xio2d_cg_surface_state_props.h */,
			);
			path = coregraphics;
			sourceTree = "<group>";
		};
		8E8FBF19245BB55E00285B78 /* ios */ = {
			isa = PBXGroup;
			children = (
				8E8FBF1A245BB55E00285B78 /* CMakeLists.txt */,
				8E8FBF1B245BB55E00285B78 /* xio2d_cg_output_surfaces.mm */,
				8E8FBF1C245BB55E00285B78 /* io2d_coregraphics_ios.h */,
				8E8FBF1D245BB55E00285B78 /* xio2d_cg_output_surfaces.h */,
				8E8FBF1E245BB55E00285B78 /* io2d.h */,
			);
			path = ios;
			sourceTree = "<group>";
		};
		8E8FBF1F245BB55E00285B78 /* mac */ = {
			isa = PBXGroup;
			children = (
				8E8FBF20245BB55E00285B78 /* io2d_coregraphics_mac.h */,
				8E8FBF21245BB55E00285B78 /* CMakeLists.txt */,
				8E8FBF22245BB55E00285B78 /* xio2d_cg_output_surfaces.mm */,
				8E8FBF23245BB55E00285B78 /* xio2d_cg_output_surfaces.h */,
				8E8FBF24245BB55E00285B78 /* io2d.h */,
			);
			path = mac;
			sourceTree = "<group>";
		};
		8E8FBF37245BB55E00285B78 /* cairo */ = {
			isa = PBXGroup;
			children = (
				8E8FBF38245BB55E00285B78 /* xcairo.h */,
				8E8FBF39245BB55E00285B78 /* xcairo_helpers.h */,
				8E8FBF3A245BB55E00285B78 /* CMakeLists.txt */,
				8E8FBF3B245BB55E00285B78 /* xcairo_paths_impl.h */,
				8E8FBF3C245BB55E00285B78 /* xio2d_cairo_main.h */,
				8E8FBF3D245BB55E00285B78 /* xcairo_surfaces_image_impl.h */,
				8E8FBF3E245BB55E00285B78 /* xcairo_surfaces_impl.h */,
				8E8FBF3F245BB55E00285B78 /* xlib */,
				8E8FBF49245BB55E00285B78 /* xcairo_brushes_impl.h */,
				8E8FBF4A245BB55E00285B78 /* xcairo_surface_state_props_impl.h */,
				8E8FBF4B245BB55E00285B78 /* win32 */,
				8E8FBF56245BB55E00285B78 /* sdl2 */,
				8E8FBF61245BB55E00285B78 /* cairo_renderer-graphicsmagickinit.cpp */,
			);
			path = cairo;
			sourceTree = "<group>";
		};
		8E8FBF3F245BB55E00285B78 /* xlib */ = {
			isa = PBXGroup;
			children = (
				8E8FBF40245BB55E00285B78 /* CMakeLists.txt */,
				8E8FBF41245BB55E00285B78 /* io2d_cairo_xlib.h */,
				8E8FBF42245BB55E00285B78 /* cairo_renderer_xlib.cpp */,
				8E8FBF43245BB55E00285B78 /* xio2d_cairo_xlib_output_surfaces.h */,
				8E8FBF44245BB55E00285B78 /* xio2d_cairo_xlib_unmanaged_output_surfaces.h */,
				8E8FBF45245BB55E00285B78 /* xio2d_cairo_xlib_main.h */,
				8E8FBF46245BB55E00285B78 /* xio2d_cairo_xlib_surfaces_impl.h */,
				8E8FBF47245BB55E00285B78 /* xio2d_cairo_xlib_surfaces.h */,
				8E8FBF48245BB55E00285B78 /* io2d.h */,
			);
			path = xlib;
			sourceTree = "<group>";
		};
		8E8FBF4B245BB55E00285B78 /* win32 */ = {
			isa = PBXGroup;
			children = (
				8E8FBF4C245BB55E00285B78 /* xio2d_cairo_win32_unmanaged_output_surface.h */,
				8E8FBF4D245BB55E00285B78 /* xio2d_cairo_win32_main.h */,
				8E8FBF4E245BB55E00285B78 /* CMakeLists.txt */,
				8E8FBF4F245BB55E00285B78 /* xio2d_cairo_win32_surfaces.h */,
				8E8FBF50245BB55E00285B78 /* xio2d_cairo_win32_surfaces_impl.h */,
				8E8FBF51245BB55E00285B78 /* xio2d_cairo_win32_error.h */,
				8E8FBF52245BB55E00285B78 /* cairo_renderer_win32.cpp */,
				8E8FBF53245BB55E00285B78 /* io2d_cairo_win32.h */,
				8E8FBF54245BB55E00285B78 /* xio2d_cairo_win32_output_surface.h */,
				8E8FBF55245BB55E00285B78 /* io2d.h */,
			);
			path = win32;
			sourceTree = "<group>";
		};
		8E8FBF56245BB55E00285B78 /* sdl2 */ = {
			isa = PBXGroup;
			children = (
				8E8FBF57245BB55E00285B78 /* CMakeLists.txt */,
				8E8FBF58245BB55E00285B78 /* xio2d_cairo_sdl2_surfaces.h */,
				8E8FBF59245BB55E00285B78 /* xio2d_cairo_sdl2_error.h */,
				8E8FBF5A245BB55E00285B78 /* io2d_cairo_sdl2.h */,
				8E8FBF5B245BB55E00285B78 /* cairo_renderer_sdl2.cpp */,
				8E8FBF5C245BB55E00285B78 /* xio2d_cairo_sdl2_output_surfaces.h */,
				8E8FBF5D245BB55E00285B78 /* xio2d_cairo_sdl2_surfaces_impl.h */,
				8E8FBF5E245BB55E00285B78 /* xio2d_cairo_sdl2_unmanaged_output_surfaces.h */,
				8E8FBF5F245BB55E00285B78 /* xio2d_cairo_sdl2_main.h */,
				8E8FBF60245BB55E00285B78 /* io2d.h */,
			);
			path = sdl2;
			sourceTree = "<group>";
		};
/* End PBXGroup section */

/* Begin PBXNativeTarget section */
		25995FF7241A0299008B52F1 /* CommonClass-cpp */ = {
			isa = PBXNativeTarget;
			buildConfigurationList = 25995FFF241A0299008B52F1 /* Build configuration list for PBXNativeTarget "CommonClass-cpp" */;
			buildPhases = (
				25995FF4241A0299008B52F1 /* Sources */,
				25995FF5241A0299008B52F1 /* Frameworks */,
				25995FF6241A0299008B52F1 /* CopyFiles */,
			);
			buildRules = (
			);
			dependencies = (
			);
			name = "CommonClass-cpp";
			productName = "CommonClass-cpp";
			productReference = 25995FF8241A0299008B52F1 /* CommonClass-cpp */;
			productType = "com.apple.product-type.tool";
		};
/* End PBXNativeTarget section */

/* Begin PBXProject section */
		25995FF0241A0299008B52F1 /* Project object */ = {
			isa = PBXProject;
			attributes = {
				LastUpgradeCheck = 1130;
				ORGANIZATIONNAME = luowailin;
				TargetAttributes = {
					25995FF7241A0299008B52F1 = {
						CreatedOnToolsVersion = 11.3.1;
					};
				};
			};
			buildConfigurationList = 25995FF3241A0299008B52F1 /* Build configuration list for PBXProject "CommonClass-cpp" */;
			compatibilityVersion = "Xcode 9.3";
			developmentRegion = en;
			hasScannedForEncodings = 0;
			knownRegions = (
				en,
				Base,
			);
			mainGroup = 25995FEF241A0299008B52F1;
			productRefGroup = 25995FF9241A0299008B52F1 /* Products */;
			projectDirPath = "";
			projectRoot = "";
			targets = (
				25995FF7241A0299008B52F1 /* CommonClass-cpp */,
			);
		};
/* End PBXProject section */

/* Begin PBXSourcesBuildPhase section */
		25995FF4241A0299008B52F1 /* Sources */ = {
			isa = PBXSourcesBuildPhase;
			buildActionMask = 2147483647;
			files = (
				8E8FBF74245BB55E00285B78 /* xio2d_cg_tmplayer.cpp in Sources */,
				8E8FBF7E245BB55E00285B78 /* rgba_color.cpp in Sources */,
				8E8FBF76245BB55E00285B78 /* xio2d_cg_output_surfaces.mm in Sources */,
				8E8FBF78245BB55E00285B78 /* xio2d_cg_surfaces.cpp in Sources */,
				8E8FBF71245BB55E00285B78 /* xio2d_cg_paths.cpp in Sources */,
				8E8FBF7A245BB55E00285B78 /* xio2d_cg_texture.cpp in Sources */,
				8E8FBF73245BB55E00285B78 /* xio2d_cg_brushes.cpp in Sources */,
				259F10852433414E007917E5 /* BinaryTree.cpp in Sources */,
				8E8FBF82245BB55E00285B78 /* cairo_renderer_sdl2.cpp in Sources */,
				8E8FBF80245BB55E00285B78 /* cairo_renderer_xlib.cpp in Sources */,
				25995FFC241A0299008B52F1 /* main.cpp in Sources */,
				8E8FBF81245BB55E00285B78 /* cairo_renderer_win32.cpp in Sources */,
				8E8FBF7B245BB55E00285B78 /* xio2d_cg_paths_figures.cpp in Sources */,
				8E8FBF7D245BB55E00285B78 /* test_renderer_fill.cpp in Sources */,
				259F10F22434A10D007917E5 /* AVLTree.cpp in Sources */,
				8E8FBF75245BB55E00285B78 /* xio2d_cg_fps_counter.cpp in Sources */,
				8E8FBF77245BB55E00285B78 /* xio2d_cg_output_surfaces.mm in Sources */,
				8E8FBF7F245BB55E00285B78 /* xinterchangebuffer.cpp in Sources */,
				8E8FBF72245BB55E00285B78 /* xio2d_cg_colors.cpp in Sources */,
				8E8FBF83245BB55E00285B78 /* cairo_renderer-graphicsmagickinit.cpp in Sources */,
				8E97B367241D0ED300E80CCD /* AstarSearch.cpp in Sources */,
				8E8FBF7C245BB55E00285B78 /* xio2d_cg_gradient.cpp in Sources */,
				8E8FBF79245BB55E00285B78 /* xio2d_cg_display.cpp in Sources */,
				259F10EF2434A097007917E5 /* BinarySearchTree.cpp in Sources */,
				259F10F52434A175007917E5 /* RedBlackTree.cpp in Sources */,
			);
			runOnlyForDeploymentPostprocessing = 0;
		};
/* End PBXSourcesBuildPhase section */

/* Begin XCBuildConfiguration section */
		25995FFD241A0299008B52F1 /* Debug */ = {
			isa = XCBuildConfiguration;
			buildSettings = {
				ALWAYS_SEARCH_USER_PATHS = NO;
				CLANG_ANALYZER_NONNULL = YES;
				CLANG_ANALYZER_NUMBER_OBJECT_CONVERSION = YES_AGGRESSIVE;
				CLANG_CXX_LANGUAGE_STANDARD = "gnu++14";
				CLANG_CXX_LIBRARY = "libc++";
				CLANG_ENABLE_MODULES = YES;
				CLANG_ENABLE_OBJC_ARC = YES;
				CLANG_ENABLE_OBJC_WEAK = YES;
				CLANG_WARN_BLOCK_CAPTURE_AUTORELEASING = YES;
				CLANG_WARN_BOOL_CONVERSION = YES;
				CLANG_WARN_COMMA = YES;
				CLANG_WARN_CONSTANT_CONVERSION = YES;
				CLANG_WARN_DEPRECATED_OBJC_IMPLEMENTATIONS = YES;
				CLANG_WARN_DIRECT_OBJC_ISA_USAGE = YES_ERROR;
				CLANG_WARN_DOCUMENTATION_COMMENTS = YES;
				CLANG_WARN_EMPTY_BODY = YES;
				CLANG_WARN_ENUM_CONVERSION = YES;
				CLANG_WARN_INFINITE_RECURSION = YES;
				CLANG_WARN_INT_CONVERSION = YES;
				CLANG_WARN_NON_LITERAL_NULL_CONVERSION = YES;
				CLANG_WARN_OBJC_IMPLICIT_RETAIN_SELF = YES;
				CLANG_WARN_OBJC_LITERAL_CONVERSION = YES;
				CLANG_WARN_OBJC_ROOT_CLASS = YES_ERROR;
				CLANG_WARN_RANGE_LOOP_ANALYSIS = YES;
				CLANG_WARN_STRICT_PROTOTYPES = YES;
				CLANG_WARN_SUSPICIOUS_MOVE = YES;
				CLANG_WARN_UNGUARDED_AVAILABILITY = YES_AGGRESSIVE;
				CLANG_WARN_UNREACHABLE_CODE = YES;
				CLANG_WARN__DUPLICATE_METHOD_MATCH = YES;
				COPY_PHASE_STRIP = NO;
				DEBUG_INFORMATION_FORMAT = dwarf;
				ENABLE_STRICT_OBJC_MSGSEND = YES;
				ENABLE_TESTABILITY = YES;
				GCC_C_LANGUAGE_STANDARD = gnu11;
				GCC_DYNAMIC_NO_PIC = NO;
				GCC_NO_COMMON_BLOCKS = YES;
				GCC_OPTIMIZATION_LEVEL = 0;
				GCC_PREPROCESSOR_DEFINITIONS = (
					"DEBUG=1",
					"$(inherited)",
				);
				GCC_WARN_64_TO_32_BIT_CONVERSION = YES;
				GCC_WARN_ABOUT_RETURN_TYPE = YES_ERROR;
				GCC_WARN_UNDECLARED_SELECTOR = YES;
				GCC_WARN_UNINITIALIZED_AUTOS = YES_AGGRESSIVE;
				GCC_WARN_UNUSED_FUNCTION = YES;
				GCC_WARN_UNUSED_VARIABLE = YES;
				MACOSX_DEPLOYMENT_TARGET = 10.15;
				MTL_ENABLE_DEBUG_INFO = INCLUDE_SOURCE;
				MTL_FAST_MATH = YES;
				ONLY_ACTIVE_ARCH = YES;
				SDKROOT = macosx;
			};
			name = Debug;
		};
		25995FFE241A0299008B52F1 /* Release */ = {
			isa = XCBuildConfiguration;
			buildSettings = {
				ALWAYS_SEARCH_USER_PATHS = NO;
				CLANG_ANALYZER_NONNULL = YES;
				CLANG_ANALYZER_NUMBER_OBJECT_CONVERSION = YES_AGGRESSIVE;
				CLANG_CXX_LANGUAGE_STANDARD = "gnu++14";
				CLANG_CXX_LIBRARY = "libc++";
				CLANG_ENABLE_MODULES = YES;
				CLANG_ENABLE_OBJC_ARC = YES;
				CLANG_ENABLE_OBJC_WEAK = YES;
				CLANG_WARN_BLOCK_CAPTURE_AUTORELEASING = YES;
				CLANG_WARN_BOOL_CONVERSION = YES;
				CLANG_WARN_COMMA = YES;
				CLANG_WARN_CONSTANT_CONVERSION = YES;
				CLANG_WARN_DEPRECATED_OBJC_IMPLEMENTATIONS = YES;
				CLANG_WARN_DIRECT_OBJC_ISA_USAGE = YES_ERROR;
				CLANG_WARN_DOCUMENTATION_COMMENTS = YES;
				CLANG_WARN_EMPTY_BODY = YES;
				CLANG_WARN_ENUM_CONVERSION = YES;
				CLANG_WARN_INFINITE_RECURSION = YES;
				CLANG_WARN_INT_CONVERSION = YES;
				CLANG_WARN_NON_LITERAL_NULL_CONVERSION = YES;
				CLANG_WARN_OBJC_IMPLICIT_RETAIN_SELF = YES;
				CLANG_WARN_OBJC_LITERAL_CONVERSION = YES;
				CLANG_WARN_OBJC_ROOT_CLASS = YES_ERROR;
				CLANG_WARN_RANGE_LOOP_ANALYSIS = YES;
				CLANG_WARN_STRICT_PROTOTYPES = YES;
				CLANG_WARN_SUSPICIOUS_MOVE = YES;
				CLANG_WARN_UNGUARDED_AVAILABILITY = YES_AGGRESSIVE;
				CLANG_WARN_UNREACHABLE_CODE = YES;
				CLANG_WARN__DUPLICATE_METHOD_MATCH = YES;
				COPY_PHASE_STRIP = NO;
				DEBUG_INFORMATION_FORMAT = "dwarf-with-dsym";
				ENABLE_NS_ASSERTIONS = NO;
				ENABLE_STRICT_OBJC_MSGSEND = YES;
				GCC_C_LANGUAGE_STANDARD = gnu11;
				GCC_NO_COMMON_BLOCKS = YES;
				GCC_WARN_64_TO_32_BIT_CONVERSION = YES;
				GCC_WARN_ABOUT_RETURN_TYPE = YES_ERROR;
				GCC_WARN_UNDECLARED_SELECTOR = YES;
				GCC_WARN_UNINITIALIZED_AUTOS = YES_AGGRESSIVE;
				GCC_WARN_UNUSED_FUNCTION = YES;
				GCC_WARN_UNUSED_VARIABLE = YES;
				MACOSX_DEPLOYMENT_TARGET = 10.15;
				MTL_ENABLE_DEBUG_INFO = NO;
				MTL_FAST_MATH = YES;
				SDKROOT = macosx;
			};
			name = Release;
		};
		25996000241A0299008B52F1 /* Debug */ = {
			isa = XCBuildConfiguration;
			buildSettings = {
				CLANG_CXX_LANGUAGE_STANDARD = "gnu++17";
				CODE_SIGN_STYLE = Automatic;
				DEVELOPMENT_TEAM = "";
				ENABLE_HARDENED_RUNTIME = YES;
				PRODUCT_NAME = "$(TARGET_NAME)";
			};
			name = Debug;
		};
		25996001241A0299008B52F1 /* Release */ = {
			isa = XCBuildConfiguration;
			buildSettings = {
				CLANG_CXX_LANGUAGE_STANDARD = "gnu++17";
				CODE_SIGN_STYLE = Automatic;
				DEVELOPMENT_TEAM = ME92NL5RP7;
				ENABLE_HARDENED_RUNTIME = YES;
				PRODUCT_NAME = "$(TARGET_NAME)";
			};
			name = Release;
		};
/* End XCBuildConfiguration section */

/* Begin XCConfigurationList section */
		25995FF3241A0299008B52F1 /* Build configuration list for PBXProject "CommonClass-cpp" */ = {
			isa = XCConfigurationList;
			buildConfigurations = (
				25995FFD241A0299008B52F1 /* Debug */,
				25995FFE241A0299008B52F1 /* Release */,
			);
			defaultConfigurationIsVisible = 0;
			defaultConfigurationName = Release;
		};
		25995FFF241A0299008B52F1 /* Build configuration list for PBXNativeTarget "CommonClass-cpp" */ = {
			isa = XCConfigurationList;
			buildConfigurations = (
				25996000241A0299008B52F1 /* Debug */,
				25996001241A0299008B52F1 /* Release */,
			);
			defaultConfigurationIsVisible = 0;
			defaultConfigurationName = Release;
		};
/* End XCConfigurationList section */
	};
	rootObject = 25995FF0241A0299008B52F1 /* Project object */;
}
